
Microsoft Visual Studio Solution File, Format Version 12.00
# Visual Studio 15
VisualStudioVersion = 15.0.28307.757
MinimumVisualStudioVersion = 10.0.40219.1
Project("{9A19103F-16F7-4668-BE54-9A1E7A4F7556}") = "rpi-ws281x-dotnet", "rpi_ws281x\rpi-ws281x-dotnet.csproj", "{5432FD49-28E2-40CC-AAE8-E340503981ED}"
EndProject
Global
	GlobalSection(SolutionConfigurationPlatforms) = preSolution
		Debug|Any CPU = Debug|Any CPU
		Release|Any CPU = Release|Any CPU
	EndGlobalSection
	GlobalSection(ProjectConfigurationPlatforms) = postSolution
		{5432FD49-28E2-40CC-AAE8-E340503981ED}.Debug|Any CPU.ActiveCfg = Debug|Any CPU
		{5432FD49-28E2-40CC-AAE8-E340503981ED}.Debug|Any CPU.Build.0 = Debug|Any CPU
		{5432FD49-28E2-40CC-AAE8-E340503981ED}.Release|Any CPU.ActiveCfg = Release|Any CPU
		{5432FD49-28E2-40CC-AAE8-E340503981ED}.Release|Any CPU.Build.0 = Release|Any CPU
	EndGlobalSection
	GlobalSection(SolutionProperties) = preSolution
		HideSolutionNode = FALSE
	EndGlobalSection
	GlobalSection(ExtensibilityGlobals) = postSolution
		SolutionGuid = {05598D32-E9AC-47E9-8CC6-D5EED433D349}
	EndGlobalSection
EndGlobal
